PODS:
  - GTMNSStringHTMLAdditions (0.1.0)
  - PocketSocket (0.6.4)
  - Realm (0.93.2):
    - Realm/Headers (= 0.93.2)
  - Realm/Headers (0.93.2)
  - SocketRocket (0.4)
  - SVProgressHUD (1.1.3)

DEPENDENCIES:
  - GTMNSStringHTMLAdditions (~> 0.1)
  - PocketSocket (~> 0.6)
  - Realm (~> 0.93)
  - SocketRocket
  - SVProgressHUD (~> 1.1)

SPEC CHECKSUMS:
  GTMNSStringHTMLAdditions: b0e1d984a8521bc05ec678c603f82268a4f24b20
  PocketSocket: eee7ef375f55b98e7ca79e097d9c61fd688e9494
  Realm: 2fdd0ae74f730e190384e0338d8a0d3654df8220
  SocketRocket: 01443933b7bc362621325f4607b80b4286a99707
  SVProgressHUD: 748080e4f36e603f6c02aec292664239df5279c1

COCOAPODS: 0.37.2
